// !$*UTF8*$!
{
	archiveVersion = 1;
	classes = {
	};
	objectVersion = 56;
	objects = {

/* Begin PBXBuildFile section */
		338A5BF72AC1BEF500F38A87 /* SwiftFrameworksApp.swift in Sources */ = {isa = PBXBuildFile; fileRef = 338A5BF62AC1BEF500F38A87 /* SwiftFrameworksApp.swift */; };
		338A5BF92AC1BEF500F38A87 /* FrameworksListView.swift in Sources */ = {isa = PBXBuildFile; fileRef = 338A5BF82AC1BEF500F38A87 /* FrameworksListView.swift */; };
		338A5BFB2AC1BEF700F38A87 /* Assets.xcassets in Resources */ = {isa = PBXBuildFile; fileRef = 338A5BFA2AC1BEF700F38A87 /* Assets.xcassets */; };
		338A5BFE2AC1BEF700F38A87 /* Preview Assets.xcassets in Resources */ = {isa = PBXBuildFile; fileRef = 338A5BFD2AC1BEF700F38A87 /* Preview Assets.xcassets */; };
		338A5C062AC1C49200F38A87 /* Post.swift in Sources */ = {isa = PBXBuildFile; fileRef = 338A5C052AC1C49200F38A87 /* Post.swift */; };
		338A5C082AC1CC5200F38A87 /* InfoRow.swift in Sources */ = {isa = PBXBuildFile; fileRef = 338A5C072AC1CC5200F38A87 /* InfoRow.swift */; };
		338A5C0A2AC1CD1E00F38A87 /* InfoDetails.swift in Sources */ = {isa = PBXBuildFile; fileRef = 338A5C092AC1CD1E00F38A87 /* InfoDetails.swift */; };
		338A5C0C2AC1DC2100F38A87 /* CoreTabView.swift in Sources */ = {isa = PBXBuildFile; fileRef = 338A5C0B2AC1DC2100F38A87 /* CoreTabView.swift */; };
		338A5C0E2AC1DCC000F38A87 /* AppleView.swift in Sources */ = {isa = PBXBuildFile; fileRef = 338A5C0D2AC1DCC000F38A87 /* AppleView.swift */; };
		338A5C102AC1DE4900F38A87 /* SettingsView.swift in Sources */ = {isa = PBXBuildFile; fileRef = 338A5C0F2AC1DE4900F38A87 /* SettingsView.swift */; };
/* End PBXBuildFile section */

/* Begin PBXFileReference section */
		338A5BF32AC1BEF500F38A87 /* SwiftFrameworks.app */ = {isa = PBXFileReference; explicitFileType = wrapper.application; includeInIndex = 0; path = SwiftFrameworks.app; sourceTree = BUILT_PRODUCTS_DIR; };
		338A5BF62AC1BEF500F38A87 /* SwiftFrameworksApp.swift */ = {isa = PBXFileReference; lastKnownFileType = sourcecode.swift; path = SwiftFrameworksApp.swift; sourceTree = "<group>"; };
		338A5BF82AC1BEF500F38A87 /* FrameworksListView.swift */ = {isa = PBXFileReference; lastKnownFileType = sourcecode.swift; path = FrameworksListView.swift; sourceTree = "<group>"; };
		338A5BFA2AC1BEF700F38A87 /* Assets.xcassets */ = {isa = PBXFileReference; lastKnownFileType = folder.assetcatalog; path = Assets.xcassets; sourceTree = "<group>"; };
		338A5BFD2AC1BEF700F38A87 /* Preview Assets.xcassets */ = {isa = PBXFileReference; lastKnownFileType = folder.assetcatalog; path = "Preview Assets.xcassets"; sourceTree = "<group>"; };
		338A5C052AC1C49200F38A87 /* Post.swift */ = {isa = PBXFileReference; lastKnownFileType = sourcecode.swift; path = Post.swift; sourceTree = "<group>"; };
		338A5C072AC1CC5200F38A87 /* InfoRow.swift */ = {isa = PBXFileReference; lastKnownFileType = sourcecode.swift; path = InfoRow.swift; sourceTree = "<group>"; };
		338A5C092AC1CD1E00F38A87 /* InfoDetails.swift */ = {isa = PBXFileReference; lastKnownFileType = sourcecode.swift; path = InfoDetails.swift; sourceTree = "<group>"; };
		338A5C0B2AC1DC2100F38A87 /* CoreTabView.swift */ = {isa = PBXFileReference; lastKnownFileType = sourcecode.swift; path = CoreTabView.swift; sourceTree = "<group>"; };
		338A5C0D2AC1DCC000F38A87 /* AppleView.swift */ = {isa = PBXFileReference; lastKnownFileType = sourcecode.swift; path = AppleView.swift; sourceTree = "<group>"; };
		338A5C0F2AC1DE4900F38A87 /* SettingsView.swift */ = {isa = PBXFileReference; lastKnownFileType = sourcecode.swift; path = SettingsView.swift; sourceTree = "<group>"; };
/* End PBXFileReference section */

/* Begin PBXFrameworksBuildPhase section */
		338A5BF02AC1BEF500F38A87 /* Frameworks */ = {
			isa = PBXFrameworksBuildPhase;
			buildActionMask = 2147483647;
			files = (
			);
			runOnlyForDeploymentPostprocessing = 0;
		};
/* End PBXFrameworksBuildPhase section */

/* Begin PBXGroup section */
		338A5BEA2AC1BEF500F38A87 = {
			isa = PBXGroup;
			children = (
				338A5BF52AC1BEF500F38A87 /* SwiftFrameworks */,
				338A5BF42AC1BEF500F38A87 /* Products */,
			);
			sourceTree = "<group>";
		};
		338A5BF42AC1BEF500F38A87 /* Products */ = {
			isa = PBXGroup;
			children = (
				338A5BF32AC1BEF500F38A87 /* SwiftFrameworks.app */,
			);
			name = Products;
			sourceTree = "<group>";
		};
		338A5BF52AC1BEF500F38A87 /* SwiftFrameworks */ = {
			isa = PBXGroup;
			children = (
				338A5C042AC1C48800F38A87 /* Model */,
				338A5BF62AC1BEF500F38A87 /* SwiftFrameworksApp.swift */,
				338A5C0B2AC1DC2100F38A87 /* CoreTabView.swift */,
				338A5C0D2AC1DCC000F38A87 /* AppleView.swift */,
				338A5BF82AC1BEF500F38A87 /* FrameworksListView.swift */,
				338A5C0F2AC1DE4900F38A87 /* SettingsView.swift */,
				338A5C072AC1CC5200F38A87 /* InfoRow.swift */,
				338A5C092AC1CD1E00F38A87 /* InfoDetails.swift */,
				338A5BFA2AC1BEF700F38A87 /* Assets.xcassets */,
				338A5BFC2AC1BEF700F38A87 /* Preview Content */,
			);
			path = SwiftFrameworks;
			sourceTree = "<group>";
		};
		338A5BFC2AC1BEF700F38A87 /* Preview Content */ = {
			isa = PBXGroup;
			children = (
				338A5BFD2AC1BEF700F38A87 /* Preview Assets.xcassets */,
			);
			path = "Preview Content";
			sourceTree = "<group>";
		};
		338A5C042AC1C48800F38A87 /* Model */ = {
			isa = PBXGroup;
			children = (
				338A5C052AC1C49200F38A87 /* Post.swift */,
			);
			path = Model;
			sourceTree = "<group>";
		};
/* End PBXGroup section */

/* Begin PBXNativeTarget section */
		338A5BF22AC1BEF500F38A87 /* SwiftFrameworks */ = {
			isa = PBXNativeTarget;
			buildConfigurationList = 338A5C012AC1BEF700F38A87 /* Build configuration list for PBXNativeTarget "SwiftFrameworks" */;
			buildPhases = (
				338A5BEF2AC1BEF500F38A87 /* Sources */,
				338A5BF02AC1BEF500F38A87 /* Frameworks */,
				338A5BF12AC1BEF500F38A87 /* Resources */,
			);
			buildRules = (
			);
			dependencies = (
			);
			name = SwiftFrameworks;
			productName = SwiftFrameworks;
			productReference = 338A5BF32AC1BEF500F38A87 /* SwiftFrameworks.app */;
			productType = "com.apple.product-type.application";
		};
/* End PBXNativeTarget section */

/* Begin PBXProject section */
		338A5BEB2AC1BEF500F38A87 /* Project object */ = {
			isa = PBXProject;
			attributes = {
				BuildIndependentTargetsInParallel = 1;
				LastSwiftUpdateCheck = 1500;
				LastUpgradeCheck = 1500;
				TargetAttributes = {
					338A5BF22AC1BEF500F38A87 = {
						CreatedOnToolsVersion = 15.0;
					};
				};
			};
			buildConfigurationList = 338A5BEE2AC1BEF500F38A87 /* Build configuration list for PBXProject "SwiftFrameworks" */;
			compatibilityVersion = "Xcode 14.0";
			developmentRegion = en;
			hasScannedForEncodings = 0;
			knownRegions = (
				en,
				Base,
			);
			mainGroup = 338A5BEA2AC1BEF500F38A87;
			productRefGroup = 338A5BF42AC1BEF500F38A87 /* Products */;
			projectDirPath = "";
			projectRoot = "";
			targets = (
				338A5BF22AC1BEF500F38A87 /* SwiftFrameworks */,
			);
		};
/* End PBXProject section */

/* Begin PBXResourcesBuildPhase section */
		338A5BF12AC1BEF500F38A87 /* Resources */ = {
			isa = PBXResourcesBuildPhase;
			buildActionMask = 2147483647;
			files = (
				338A5BFE2AC1BEF700F38A87 /* Preview Assets.xcassets in Resources */,
				338A5BFB2AC1BEF700F38A87 /* Assets.xcassets in Resources */,
			);
			runOnlyForDeploymentPostprocessing = 0;
		};
/* End PBXResourcesBuildPhase section */

/* Begin PBXSourcesBuildPhase section */
		338A5BEF2AC1BEF500F38A87 /* Sources */ = {
			isa = PBXSourcesBuildPhase;
			buildActionMask = 2147483647;
			files = (
				338A5C082AC1CC5200F38A87 /* InfoRow.swift in Sources */,
				338A5C102AC1DE4900F38A87 /* SettingsView.swift in Sources */,
				338A5BF92AC1BEF500F38A87 /* FrameworksListView.swift in Sources */,
				338A5C0A2AC1CD1E00F38A87 /* InfoDetails.swift in Sources */,
				338A5C062AC1C49200F38A87 /* Post.swift in Sources */,
				338A5BF72AC1BEF500F38A87 /* SwiftFrameworksApp.swift in Sources */,
				338A5C0E2AC1DCC000F38A87 /* AppleView.swift in Sources */,
				338A5C0C2AC1DC2100F38A87 /* CoreTabView.swift in Sources */,
			);
			runOnlyForDeploymentPostprocessing = 0;
		};
/* End PBXSourcesBuildPhase section */

/* Begin XCBuildConfiguration section */
		338A5BFF2AC1BEF700F38A87 /* Debug */ = {
			isa = XCBuildConfiguration;
			buildSettings = {
				ALWAYS_SEARCH_USER_PATHS = NO;
				ASSETCATALOG_COMPILER_GENERATE_SWIFT_ASSET_SYMBOL_EXTENSIONS = YES;
				CLANG_ANALYZER_NONNULL = YES;
				CLANG_ANALYZER_NUMBER_OBJECT_CONVERSION = YES_AGGRESSIVE;
				CLANG_CXX_LANGUAGE_STANDARD = "gnu++20";
				CLANG_ENABLE_MODULES = YES;
				CLANG_ENABLE_OBJC_ARC = YES;
				CLANG_ENABLE_OBJC_WEAK = YES;
				CLANG_WARN_BLOCK_CAPTURE_AUTORELEASING = YES;
				CLANG_WARN_BOOL_CONVERSION = YES;
				CLANG_WARN_COMMA = YES;
				CLANG_WARN_CONSTANT_CONVERSION = YES;
				CLANG_WARN_DEPRECATED_OBJC_IMPLEMENTATIONS = YES;
				CLANG_WARN_DIRECT_OBJC_ISA_USAGE = YES_ERROR;
				CLANG_WARN_DOCUMENTATION_COMMENTS = YES;
				CLANG_WARN_EMPTY_BODY = YES;
				CLANG_WARN_ENUM_CONVERSION = YES;
				CLANG_WARN_INFINITE_RECURSION = YES;
				CLANG_WARN_INT_CONVERSION = YES;
				CLANG_WARN_NON_LITERAL_NULL_CONVERSION = YES;
				CLANG_WARN_OBJC_IMPLICIT_RETAIN_SELF = YES;
				CLANG_WARN_OBJC_LITERAL_CONVERSION = YES;
				CLANG_WARN_OBJC_ROOT_CLASS = YES_ERROR;
				CLANG_WARN_QUOTED_INCLUDE_IN_FRAMEWORK_HEADER = YES;
				CLANG_WARN_RANGE_LOOP_ANALYSIS = YES;
				CLANG_WARN_STRICT_PROTOTYPES = YES;
				CLANG_WARN_SUSPICIOUS_MOVE = YES;
				CLANG_WARN_UNGUARDED_AVAILABILITY = YES_AGGRESSIVE;
				CLANG_WARN_UNREACHABLE_CODE = YES;
				CLANG_WARN__DUPLICATE_METHOD_MATCH = YES;
				COPY_PHASE_STRIP = NO;
				DEBUG_INFORMATION_FORMAT = dwarf;
				ENABLE_STRICT_OBJC_MSGSEND = YES;
				ENABLE_TESTABILITY = YES;
				ENABLE_USER_SCRIPT_SANDBOXING = YES;
				GCC_C_LANGUAGE_STANDARD = gnu17;
				GCC_DYNAMIC_NO_PIC = NO;
				GCC_NO_COMMON_BLOCKS = YES;
				GCC_OPTIMIZATION_LEVEL = 0;
				GCC_PREPROCESSOR_DEFINITIONS = (
					"DEBUG=1",
					"$(inherited)",
				);
				GCC_WARN_64_TO_32_BIT_CONVERSION = YES;
				GCC_WARN_ABOUT_RETURN_TYPE = YES_ERROR;
				GCC_WARN_UNDECLARED_SELECTOR = YES;
				GCC_WARN_UNINITIALIZED_AUTOS = YES_AGGRESSIVE;
				GCC_WARN_UNUSED_FUNCTION = YES;
				GCC_WARN_UNUSED_VARIABLE = YES;
				IPHONEOS_DEPLOYMENT_TARGET = 17.0;
				LOCALIZATION_PREFERS_STRING_CATALOGS = YES;
				MTL_ENABLE_DEBUG_INFO = INCLUDE_SOURCE;
				MTL_FAST_MATH = YES;
				ONLY_ACTIVE_ARCH = YES;
				SDKROOT = iphoneos;
				SWIFT_ACTIVE_COMPILATION_CONDITIONS = "DEBUG $(inherited)";
				SWIFT_OPTIMIZATION_LEVEL = "-Onone";
			};
			name = Debug;
		};
		338A5C002AC1BEF700F38A87 /* Release */ = {
			isa = XCBuildConfiguration;
			buildSettings = {
				ALWAYS_SEARCH_USER_PATHS = NO;
				ASSETCATALOG_COMPILER_GENERATE_SWIFT_ASSET_SYMBOL_EXTENSIONS = YES;
				CLANG_ANALYZER_NONNULL = YES;
				CLANG_ANALYZER_NUMBER_OBJECT_CONVERSION = YES_AGGRESSIVE;
				CLANG_CXX_LANGUAGE_STANDARD = "gnu++20";
				CLANG_ENABLE_MODULES = YES;
				CLANG_ENABLE_OBJC_ARC = YES;
				CLANG_ENABLE_OBJC_WEAK = YES;
				CLANG_WARN_BLOCK_CAPTURE_AUTORELEASING = YES;
				CLANG_WARN_BOOL_CONVERSION = YES;
				CLANG_WARN_COMMA = YES;
				CLANG_WARN_CONSTANT_CONVERSION = YES;
				CLANG_WARN_DEPRECATED_OBJC_IMPLEMENTATIONS = YES;
				CLANG_WARN_DIRECT_OBJC_ISA_USAGE = YES_ERROR;
				CLANG_WARN_DOCUMENTATION_COMMENTS = YES;
				CLANG_WARN_EMPTY_BODY = YES;
				CLANG_WARN_ENUM_CONVERSION = YES;
				CLANG_WARN_INFINITE_RECURSION = YES;
				CLANG_WARN_INT_CONVERSION = YES;
				CLANG_WARN_NON_LITERAL_NULL_CONVERSION = YES;
				CLANG_WARN_OBJC_IMPLICIT_RETAIN_SELF = YES;
				CLANG_WARN_OBJC_LITERAL_CONVERSION = YES;
				CLANG_WARN_OBJC_ROOT_CLASS = YES_ERROR;
				CLANG_WARN_QUOTED_INCLUDE_IN_FRAMEWORK_HEADER = YES;
				CLANG_WARN_RANGE_LOOP_ANALYSIS = YES;
				CLANG_WARN_STRICT_PROTOTYPES = YES;
				CLANG_WARN_SUSPICIOUS_MOVE = YES;
				CLANG_WARN_UNGUARDED_AVAILABILITY = YES_AGGRESSIVE;
				CLANG_WARN_UNREACHABLE_CODE = YES;
				CLANG_WARN__DUPLICATE_METHOD_MATCH = YES;
				COPY_PHASE_STRIP = NO;
				DEBUG_INFORMATION_FORMAT = "dwarf-with-dsym";
				ENABLE_NS_ASSERTIONS = NO;
				ENABLE_STRICT_OBJC_MSGSEND = YES;
				ENABLE_USER_SCRIPT_SANDBOXING = YES;
				GCC_C_LANGUAGE_STANDARD = gnu17;
				GCC_NO_COMMON_BLOCKS = YES;
				GCC_WARN_64_TO_32_BIT_CONVERSION = YES;
				GCC_WARN_ABOUT_RETURN_TYPE = YES_ERROR;
				GCC_WARN_UNDECLARED_SELECTOR = YES;
				GCC_WARN_UNINITIALIZED_AUTOS = YES_AGGRESSIVE;
				GCC_WARN_UNUSED_FUNCTION = YES;
				GCC_WARN_UNUSED_VARIABLE = YES;
				IPHONEOS_DEPLOYMENT_TARGET = 17.0;
				LOCALIZATION_PREFERS_STRING_CATALOGS = YES;
				MTL_ENABLE_DEBUG_INFO = NO;
				MTL_FAST_MATH = YES;
				SDKROOT = iphoneos;
				SWIFT_COMPILATION_MODE = wholemodule;
				VALIDATE_PRODUCT = YES;
			};
			name = Release;
		};
		338A5C022AC1BEF700F38A87 /* Debug */ = {
			isa = XCBuildConfiguration;
			buildSettings = {
				ASSETCATALOG_COMPILER_APPICON_NAME = AppIcon;
				ASSETCATALOG_COMPILER_GLOBAL_ACCENT_COLOR_NAME = AccentColor;
				CODE_SIGN_STYLE = Automatic;
				CURRENT_PROJECT_VERSION = 1;
				DEVELOPMENT_ASSET_PATHS = "\"SwiftFrameworks/Preview Content\"";
				DEVELOPMENT_TEAM = DMR9X2FT85;
				ENABLE_PREVIEWS = YES;
				GENERATE_INFOPLIST_FILE = YES;
				INFOPLIST_KEY_UIApplicationSceneManifest_Generation = YES;
				INFOPLIST_KEY_UIApplicationSupportsIndirectInputEvents = YES;
				INFOPLIST_KEY_UILaunchScreen_Generation = YES;
				INFOPLIST_KEY_UISupportedInterfaceOrientations_iPad = "UIInterfaceOrientationPortrait UIInterfaceOrientationPortraitUpsideDown UIInterfaceOrientationLandscapeLeft UIInterfaceOrientationLandscapeRight";
				INFOPLIST_KEY_UISupportedInterfaceOrientations_iPhone = "UIInterfaceOrientationPortrait UIInterfaceOrientationLandscapeLeft UIInterfaceOrientationLandscapeRight";
				LD_RUNPATH_SEARCH_PATHS = (
					"$(inherited)",
					"@executable_path/Frameworks",
				);
				MARKETING_VERSION = 1.0;
				PRODUCT_BUNDLE_IDENTIFIER = mayiosdev.study.SwiftFrameworks;
				PRODUCT_NAME = "$(TARGET_NAME)";
				SWIFT_EMIT_LOC_STRINGS = YES;
				SWIFT_VERSION = 5.0;
				TARGETED_DEVICE_FAMILY = "1,2";
			};
			name = Debug;
		};
		338A5C032AC1BEF700F38A87 /* Release */ = {
			isa = XCBuildConfiguration;
			buildSettings = {
				ASSETCATALOG_COMPILER_APPICON_NAME = AppIcon;
				ASSETCATALOG_COMPILER_GLOBAL_ACCENT_COLOR_NAME = AccentColor;
				CODE_SIGN_STYLE = Automatic;
				CURRENT_PROJECT_VERSION = 1;
				DEVELOPMENT_ASSET_PATHS = "\"SwiftFrameworks/Preview Content\"";
				DEVELOPMENT_TEAM = DMR9X2FT85;
				ENABLE_PREVIEWS = YES;
				GENERATE_INFOPLIST_FILE = YES;
				INFOPLIST_KEY_UIApplicationSceneManifest_Generation = YES;
				INFOPLIST_KEY_UIApplicationSupportsIndirectInputEvents = YES;
				INFOPLIST_KEY_UILaunchScreen_Generation = YES;
				INFOPLIST_KEY_UISupportedInterfaceOrientations_iPad = "UIInterfaceOrientationPortrait UIInterfaceOrientationPortraitUpsideDown UIInterfaceOrientationLandscapeLeft UIInterfaceOrientationLandscapeRight";
				INFOPLIST_KEY_UISupportedInterfaceOrientations_iPhone = "UIInterfaceOrientationPortrait UIInterfaceOrientationLandscapeLeft UIInterfaceOrientationLandscapeRight";
				LD_RUNPATH_SEARCH_PATHS = (
					"$(inherited)",
					"@executable_path/Frameworks",
				);
				MARKETING_VERSION = 1.0;
				PRODUCT_BUNDLE_IDENTIFIER = mayiosdev.study.SwiftFrameworks;
				PRODUCT_NAME = "$(TARGET_NAME)";
				SWIFT_EMIT_LOC_STRINGS = YES;
				SWIFT_VERSION = 5.0;
				TARGETED_DEVICE_FAMILY = "1,2";
			};
			name = Release;
		};
/* End XCBuildConfiguration section */

/* Begin XCConfigurationList section */
		338A5BEE2AC1BEF500F38A87 /* Build configuration list for PBXProject "SwiftFrameworks" */ = {
			isa = XCConfigurationList;
			buildConfigurations = (
				338A5BFF2AC1BEF700F38A87 /* Debug */,
				338A5C002AC1BEF700F38A87 /* Release */,
			);
			defaultConfigurationIsVisible = 0;
			defaultConfigurationName = Release;
		};
		338A5C012AC1BEF700F38A87 /* Build configuration list for PBXNativeTarget "SwiftFrameworks" */ = {
			isa = XCConfigurationList;
			buildConfigurations = (
				338A5C022AC1BEF700F38A87 /* Debug */,
				338A5C032AC1BEF700F38A87 /* Release */,
			);
			defaultConfigurationIsVisible = 0;
			defaultConfigurationName = Release;
		};
/* End XCConfigurationList section */
	};
	rootObject = 338A5BEB2AC1BEF500F38A87 /* Project object */;
}
